
Microsoft Visual Studio Solution File, Format Version 12.00
# Visual Studio Version 17
VisualStudioVersion = 17.8.34408.163
MinimumVisualStudioVersion = 10.0.40219.1
Project("{FAE04EC0-301F-11D3-BF4B-00C04F79EFBC}") = "BT-ThietKeForm", "BT-ThietKeForm\BT-ThietKeForm.csproj", "{C6E6BE89-F45B-4904-8FCF-01E7536BA354}"
EndProject
Global
	GlobalSection(SolutionConfigurationPlatforms) = preSolution
		Debug|Any CPU = Debug|Any CPU
		Release|Any CPU = Release|Any CPU
	EndGlobalSection
	GlobalSection(ProjectConfigurationPlatforms) = postSolution
		{C6E6BE89-F45B-4904-8FCF-01E7536BA354}.Debug|Any CPU.ActiveCfg = Debug|Any CPU
		{C6E6BE89-F45B-4904-8FCF-01E7536BA354}.Debug|Any CPU.Build.0 = Debug|Any CPU
		{C6E6BE89-F45B-4904-8FCF-01E7536BA354}.Release|Any CPU.ActiveCfg = Release|Any CPU
		{C6E6BE89-F45B-4904-8FCF-01E7536BA354}.Release|Any CPU.Build.0 = Release|Any CPU
	EndGlobalSection
	GlobalSection(SolutionProperties) = preSolution
		HideSolutionNode = FALSE
	EndGlobalSection
	GlobalSection(ExtensibilityGlobals) = postSolution
		SolutionGuid = {F8CB2CDC-984C-42CB-8398-A82CCFABE985}
	EndGlobalSection
EndGlobal
