
Microsoft Visual Studio Solution File, Format Version 12.00
# Visual Studio Version 17
VisualStudioVersion = 17.12.35209.166
MinimumVisualStudioVersion = 10.0.40219.1
Project("{FAE04EC0-301F-11D3-BF4B-00C04F79EFBC}") = "Bai1_2212458", "Bai1_2212458\Bai1_2212458.csproj", "{518BE104-D6D4-4F09-BBB6-808A790B7C05}"
EndProject
Global
	GlobalSection(SolutionConfigurationPlatforms) = preSolution
		Debug|Any CPU = Debug|Any CPU
		Release|Any CPU = Release|Any CPU
	EndGlobalSection
	GlobalSection(ProjectConfigurationPlatforms) = postSolution
		{518BE104-D6D4-4F09-BBB6-808A790B7C05}.Debug|Any CPU.ActiveCfg = Debug|Any CPU
		{518BE104-D6D4-4F09-BBB6-808A790B7C05}.Debug|Any CPU.Build.0 = Debug|Any CPU
		{518BE104-D6D4-4F09-BBB6-808A790B7C05}.Release|Any CPU.ActiveCfg = Release|Any CPU
		{518BE104-D6D4-4F09-BBB6-808A790B7C05}.Release|Any CPU.Build.0 = Release|Any CPU
	EndGlobalSection
	GlobalSection(SolutionProperties) = preSolution
		HideSolutionNode = FALSE
	EndGlobalSection
	GlobalSection(ExtensibilityGlobals) = postSolution
		SolutionGuid = {2C2212BB-7BC1-42A1-BCC1-F9448CCA0AF4}
	EndGlobalSection
EndGlobal
